
Microsoft Visual Studio Solution File, Format Version 12.00
# Visual Studio Version 17
VisualStudioVersion = 17.5.33516.290
MinimumVisualStudioVersion = 10.0.40219.1
Project("{FAE04EC0-301F-11D3-BF4B-00C04F79EFBC}") = "net-calculator-tester", "net-calculator-tester\net-calculator-tester.csproj", "{E94436CC-C506-4619-9B8E-1E105B01FF6E}"
EndProject
Project("{FAE04EC0-301F-11D3-BF4B-00C04F79EFBC}") = "TestProjectCalculator", "TestProjectCalculator\TestProjectCalculator.csproj", "{093AAE52-FEA3-46B2-8865-4EC9C21F3F32}"
EndProject
Global
	GlobalSection(SolutionConfigurationPlatforms) = preSolution
		Debug|Any CPU = Debug|Any CPU
		Release|Any CPU = Release|Any CPU
	EndGlobalSection
	GlobalSection(ProjectConfigurationPlatforms) = postSolution
		{E94436CC-C506-4619-9B8E-1E105B01FF6E}.Debug|Any CPU.ActiveCfg = Debug|Any CPU
		{E94436CC-C506-4619-9B8E-1E105B01FF6E}.Debug|Any CPU.Build.0 = Debug|Any CPU
		{E94436CC-C506-4619-9B8E-1E105B01FF6E}.Release|Any CPU.ActiveCfg = Release|Any CPU
		{E94436CC-C506-4619-9B8E-1E105B01FF6E}.Release|Any CPU.Build.0 = Release|Any CPU
		{093AAE52-FEA3-46B2-8865-4EC9C21F3F32}.Debug|Any CPU.ActiveCfg = Debug|Any CPU
		{093AAE52-FEA3-46B2-8865-4EC9C21F3F32}.Debug|Any CPU.Build.0 = Debug|Any CPU
		{093AAE52-FEA3-46B2-8865-4EC9C21F3F32}.Release|Any CPU.ActiveCfg = Release|Any CPU
		{093AAE52-FEA3-46B2-8865-4EC9C21F3F32}.Release|Any CPU.Build.0 = Release|Any CPU
	EndGlobalSection
	GlobalSection(SolutionProperties) = preSolution
		HideSolutionNode = FALSE
	EndGlobalSection
	GlobalSection(ExtensibilityGlobals) = postSolution
		SolutionGuid = {0E0927BC-1FFB-45C2-86BE-2FF9A1EAE799}
	EndGlobalSection
EndGlobal
